
Microsoft Visual Studio Solution File, Format Version 12.00
# Visual Studio Version 16
VisualStudioVersion = 16.0.31702.278
MinimumVisualStudioVersion = 10.0.40219.1
Project("{FAE04EC0-301F-11D3-BF4B-00C04F79EFBC}") = "Matrix_l2", "Matrix_l2\Matrix_l2.csproj", "{3EBAB3AB-DE8F-4ADE-B72E-327F66C08947}"
EndProject
Global
	GlobalSection(SolutionConfigurationPlatforms) = preSolution
		Debug|Any CPU = Debug|Any CPU
		Release|Any CPU = Release|Any CPU
	EndGlobalSection
	GlobalSection(ProjectConfigurationPlatforms) = postSolution
		{3EBAB3AB-DE8F-4ADE-B72E-327F66C08947}.Debug|Any CPU.ActiveCfg = Debug|Any CPU
		{3EBAB3AB-DE8F-4ADE-B72E-327F66C08947}.Debug|Any CPU.Build.0 = Debug|Any CPU
		{3EBAB3AB-DE8F-4ADE-B72E-327F66C08947}.Release|Any CPU.ActiveCfg = Release|Any CPU
		{3EBAB3AB-DE8F-4ADE-B72E-327F66C08947}.Release|Any CPU.Build.0 = Release|Any CPU
	EndGlobalSection
	GlobalSection(SolutionProperties) = preSolution
		HideSolutionNode = FALSE
	EndGlobalSection
	GlobalSection(ExtensibilityGlobals) = postSolution
		SolutionGuid = {1938918E-D823-4B6A-B597-EB270539DB0F}
	EndGlobalSection
EndGlobal
